
Microsoft Visual Studio Solution File, Format Version 12.00
# Visual Studio Version 16
VisualStudioVersion = 16.0.33529.622
MinimumVisualStudioVersion = 10.0.40219.1
Project("{8BC9CEB8-8B4A-11D0-8D11-00A0C91BC942}") = "test_3_31", "test_3_31\test_3_31.vcxproj", "{E4873C34-3E29-4D0D-B65E-68D44E7449C5}"
EndProject
Global
	GlobalSection(SolutionConfigurationPlatforms) = preSolution
		Debug|x64 = Debug|x64
		Debug|x86 = Debug|x86
		Release|x64 = Release|x64
		Release|x86 = Release|x86
	EndGlobalSection
	GlobalSection(ProjectConfigurationPlatforms) = postSolution
		{E4873C34-3E29-4D0D-B65E-68D44E7449C5}.Debug|x64.ActiveCfg = Debug|x64
		{E4873C34-3E29-4D0D-B65E-68D44E7449C5}.Debug|x64.Build.0 = Debug|x64
		{E4873C34-3E29-4D0D-B65E-68D44E7449C5}.Debug|x86.ActiveCfg = Debug|Win32
		{E4873C34-3E29-4D0D-B65E-68D44E7449C5}.Debug|x86.Build.0 = Debug|Win32
		{E4873C34-3E29-4D0D-B65E-68D44E7449C5}.Release|x64.ActiveCfg = Release|x64
		{E4873C34-3E29-4D0D-B65E-68D44E7449C5}.Release|x64.Build.0 = Release|x64
		{E4873C34-3E29-4D0D-B65E-68D44E7449C5}.Release|x86.ActiveCfg = Release|Win32
		{E4873C34-3E29-4D0D-B65E-68D44E7449C5}.Release|x86.Build.0 = Release|Win32
	EndGlobalSection
	GlobalSection(SolutionProperties) = preSolution
		HideSolutionNode = FALSE
	EndGlobalSection
	GlobalSection(ExtensibilityGlobals) = postSolution
		SolutionGuid = {45BBDA2B-08B7-4BE7-897F-56A2D68643A4}
	EndGlobalSection
EndGlobal
